
Microsoft Visual Studio Solution File, Format Version 12.00
# Visual Studio Version 17
VisualStudioVersion = 17.9.34607.119
MinimumVisualStudioVersion = 10.0.40219.1
Project("{9A19103F-16F7-4668-BE54-9A1E7A4F7556}") = "CustomerService", "CustomerService\CustomerService.csproj", "{665B12B7-E6C6-47D3-924C-91576851178E}"
EndProject
Project("{9A19103F-16F7-4668-BE54-9A1E7A4F7556}") = "Middleware", "Middleware\Middleware.csproj", "{7D7F0465-7E21-4AB3-9C84-C442D7CBBF37}"
EndProject
Project("{9A19103F-16F7-4668-BE54-9A1E7A4F7556}") = "WebApp", "WebApp\WebApp.csproj", "{969E71CA-DA5F-431E-A24B-97009EFD19EE}"
EndProject
Project("{9A19103F-16F7-4668-BE54-9A1E7A4F7556}") = "VideoCatalogService", "VideoCatalogService\VideoCatalogService.csproj", "{A465281B-10D6-4312-88C1-DA8A8A7E4583}"
EndProject
Project("{9A19103F-16F7-4668-BE54-9A1E7A4F7556}") = "GatewayAPI", "GatewayAPI\GatewayAPI.csproj", "{13262DD9-3E41-456C-BC4D-ED475FCFE040}"
EndProject
Project("{9A19103F-16F7-4668-BE54-9A1E7A4F7556}") = "WatchlistService", "WatchlistService\WatchlistService.csproj", "{ED25B0F0-BB82-4B5C-AA14-D33599FA60B1}"
EndProject
Project("{9A19103F-16F7-4668-BE54-9A1E7A4F7556}") = "PaymentService", "PaymentService\PaymentService.csproj", "{2710D5E3-24A7-4F81-97B1-D89477E3805B}"
EndProject
Project("{9A19103F-16F7-4668-BE54-9A1E7A4F7556}") = "OrderService", "OrderService\OrderService.csproj", "{375A0BF6-8A05-4EE8-8C00-8662406F87B0}"
EndProject
Project("{2150E333-8FDC-42A3-9474-1A3956D46DE8}") = "Solution Items", "Solution Items", "{89F32D12-2A46-4DF3-A19B-436FE9278BE7}"
	ProjectSection(SolutionItems) = preProject
		docker-compose.yml = docker-compose.yml
	EndProjectSection
EndProject
Global
	GlobalSection(SolutionConfigurationPlatforms) = preSolution
		Debug|Any CPU = Debug|Any CPU
		Release|Any CPU = Release|Any CPU
	EndGlobalSection
	GlobalSection(ProjectConfigurationPlatforms) = postSolution
		{665B12B7-E6C6-47D3-924C-91576851178E}.Debug|Any CPU.ActiveCfg = Debug|Any CPU
		{665B12B7-E6C6-47D3-924C-91576851178E}.Debug|Any CPU.Build.0 = Debug|Any CPU
		{665B12B7-E6C6-47D3-924C-91576851178E}.Release|Any CPU.ActiveCfg = Release|Any CPU
		{665B12B7-E6C6-47D3-924C-91576851178E}.Release|Any CPU.Build.0 = Release|Any CPU
		{7D7F0465-7E21-4AB3-9C84-C442D7CBBF37}.Debug|Any CPU.ActiveCfg = Debug|Any CPU
		{7D7F0465-7E21-4AB3-9C84-C442D7CBBF37}.Debug|Any CPU.Build.0 = Debug|Any CPU
		{7D7F0465-7E21-4AB3-9C84-C442D7CBBF37}.Release|Any CPU.ActiveCfg = Release|Any CPU
		{7D7F0465-7E21-4AB3-9C84-C442D7CBBF37}.Release|Any CPU.Build.0 = Release|Any CPU
		{969E71CA-DA5F-431E-A24B-97009EFD19EE}.Debug|Any CPU.ActiveCfg = Debug|Any CPU
		{969E71CA-DA5F-431E-A24B-97009EFD19EE}.Debug|Any CPU.Build.0 = Debug|Any CPU
		{969E71CA-DA5F-431E-A24B-97009EFD19EE}.Release|Any CPU.ActiveCfg = Release|Any CPU
		{969E71CA-DA5F-431E-A24B-97009EFD19EE}.Release|Any CPU.Build.0 = Release|Any CPU
		{A465281B-10D6-4312-88C1-DA8A8A7E4583}.Debug|Any CPU.ActiveCfg = Debug|Any CPU
		{A465281B-10D6-4312-88C1-DA8A8A7E4583}.Debug|Any CPU.Build.0 = Debug|Any CPU
		{A465281B-10D6-4312-88C1-DA8A8A7E4583}.Release|Any CPU.ActiveCfg = Release|Any CPU
		{A465281B-10D6-4312-88C1-DA8A8A7E4583}.Release|Any CPU.Build.0 = Release|Any CPU
		{13262DD9-3E41-456C-BC4D-ED475FCFE040}.Debug|Any CPU.ActiveCfg = Debug|Any CPU
		{13262DD9-3E41-456C-BC4D-ED475FCFE040}.Debug|Any CPU.Build.0 = Debug|Any CPU
		{13262DD9-3E41-456C-BC4D-ED475FCFE040}.Release|Any CPU.ActiveCfg = Release|Any CPU
		{13262DD9-3E41-456C-BC4D-ED475FCFE040}.Release|Any CPU.Build.0 = Release|Any CPU
		{ED25B0F0-BB82-4B5C-AA14-D33599FA60B1}.Debug|Any CPU.ActiveCfg = Debug|Any CPU
		{ED25B0F0-BB82-4B5C-AA14-D33599FA60B1}.Debug|Any CPU.Build.0 = Debug|Any CPU
		{ED25B0F0-BB82-4B5C-AA14-D33599FA60B1}.Release|Any CPU.ActiveCfg = Release|Any CPU
		{ED25B0F0-BB82-4B5C-AA14-D33599FA60B1}.Release|Any CPU.Build.0 = Release|Any CPU
		{2710D5E3-24A7-4F81-97B1-D89477E3805B}.Debug|Any CPU.ActiveCfg = Debug|Any CPU
		{2710D5E3-24A7-4F81-97B1-D89477E3805B}.Debug|Any CPU.Build.0 = Debug|Any CPU
		{2710D5E3-24A7-4F81-97B1-D89477E3805B}.Release|Any CPU.ActiveCfg = Release|Any CPU
		{2710D5E3-24A7-4F81-97B1-D89477E3805B}.Release|Any CPU.Build.0 = Release|Any CPU
		{375A0BF6-8A05-4EE8-8C00-8662406F87B0}.Debug|Any CPU.ActiveCfg = Debug|Any CPU
		{375A0BF6-8A05-4EE8-8C00-8662406F87B0}.Debug|Any CPU.Build.0 = Debug|Any CPU
		{375A0BF6-8A05-4EE8-8C00-8662406F87B0}.Release|Any CPU.ActiveCfg = Release|Any CPU
		{375A0BF6-8A05-4EE8-8C00-8662406F87B0}.Release|Any CPU.Build.0 = Release|Any CPU
	EndGlobalSection
	GlobalSection(SolutionProperties) = preSolution
		HideSolutionNode = FALSE
	EndGlobalSection
	GlobalSection(ExtensibilityGlobals) = postSolution
		SolutionGuid = {3DEE4D27-6193-4CB5-B9E7-5BF6258F6CD3}
	EndGlobalSection
EndGlobal
